
Microsoft Visual Studio Solution File, Format Version 12.00
# Visual Studio Version 16
VisualStudioVersion = 16.0.31613.86
MinimumVisualStudioVersion = 10.0.40219.1
Project("{FAE04EC0-301F-11D3-BF4B-00C04F79EFBC}") = "Threading", "Threading.csproj", "{C2BF8CD8-325B-461C-A73A-13BD2D171F4A}"
EndProject
Global
	GlobalSection(SolutionConfigurationPlatforms) = preSolution
		Debug|Any CPU = Debug|Any CPU
		Release|Any CPU = Release|Any CPU
	EndGlobalSection
	GlobalSection(ProjectConfigurationPlatforms) = postSolution
		{C2BF8CD8-325B-461C-A73A-13BD2D171F4A}.Debug|Any CPU.ActiveCfg = Debug|Any CPU
		{C2BF8CD8-325B-461C-A73A-13BD2D171F4A}.Debug|Any CPU.Build.0 = Debug|Any CPU
		{C2BF8CD8-325B-461C-A73A-13BD2D171F4A}.Release|Any CPU.ActiveCfg = Release|Any CPU
		{C2BF8CD8-325B-461C-A73A-13BD2D171F4A}.Release|Any CPU.Build.0 = Release|Any CPU
	EndGlobalSection
	GlobalSection(SolutionProperties) = preSolution
		HideSolutionNode = FALSE
	EndGlobalSection
	GlobalSection(ExtensibilityGlobals) = postSolution
		SolutionGuid = {414C3F99-908E-48FF-A214-C2EEDFD4BACD}
	EndGlobalSection
EndGlobal
